
Microsoft Visual Studio Solution File, Format Version 12.00
# Visual Studio Version 17
VisualStudioVersion = 17.1.32407.343
MinimumVisualStudioVersion = 10.0.40219.1
Project("{FAE04EC0-301F-11D3-BF4B-00C04F79EFBC}") = "NetCmd", "NetCmd\NetCmd.csproj", "{7BCB465B-74D7-4CC3-8F14-17D9DBAB5BCA}"
EndProject
Global
	GlobalSection(SolutionConfigurationPlatforms) = preSolution
		Debug|Any CPU = Debug|Any CPU
		Release|Any CPU = Release|Any CPU
	EndGlobalSection
	GlobalSection(ProjectConfigurationPlatforms) = postSolution
		{7BCB465B-74D7-4CC3-8F14-17D9DBAB5BCA}.Debug|Any CPU.ActiveCfg = Debug|Any CPU
		{7BCB465B-74D7-4CC3-8F14-17D9DBAB5BCA}.Debug|Any CPU.Build.0 = Debug|Any CPU
		{7BCB465B-74D7-4CC3-8F14-17D9DBAB5BCA}.Release|Any CPU.ActiveCfg = Release|Any CPU
		{7BCB465B-74D7-4CC3-8F14-17D9DBAB5BCA}.Release|Any CPU.Build.0 = Release|Any CPU
	EndGlobalSection
	GlobalSection(SolutionProperties) = preSolution
		HideSolutionNode = FALSE
	EndGlobalSection
	GlobalSection(ExtensibilityGlobals) = postSolution
		SolutionGuid = {B37BE242-86F8-4384-90E0-677E5290F573}
	EndGlobalSection
EndGlobal
